
Microsoft Visual Studio Solution File, Format Version 12.00
# Visual Studio Version 17
VisualStudioVersion = 17.1.32407.343
MinimumVisualStudioVersion = 10.0.40219.1
Project("{9A19103F-16F7-4668-BE54-9A1E7A4F7556}") = "Calc", "Calc\Calc.csproj", "{32C5B184-6D62-46B4-B5DB-67D1864ACE0E}"
EndProject
Project("{FAE04EC0-301F-11D3-BF4B-00C04F79EFBC}") = "Contracts", "Contracts\Contracts.csproj", "{B3CBBF62-66F0-4F42-A120-41E574925463}"
EndProject
Project("{FAE04EC0-301F-11D3-BF4B-00C04F79EFBC}") = "CalculateMethods", "CalculateMethods\CalculateMethods.csproj", "{9CBD90DA-65E2-48C7-A6A0-D4931F77732D}"
EndProject
Global
	GlobalSection(SolutionConfigurationPlatforms) = preSolution
		Debug|Any CPU = Debug|Any CPU
		Release|Any CPU = Release|Any CPU
	EndGlobalSection
	GlobalSection(ProjectConfigurationPlatforms) = postSolution
		{32C5B184-6D62-46B4-B5DB-67D1864ACE0E}.Debug|Any CPU.ActiveCfg = Debug|Any CPU
		{32C5B184-6D62-46B4-B5DB-67D1864ACE0E}.Debug|Any CPU.Build.0 = Debug|Any CPU
		{32C5B184-6D62-46B4-B5DB-67D1864ACE0E}.Release|Any CPU.ActiveCfg = Release|Any CPU
		{32C5B184-6D62-46B4-B5DB-67D1864ACE0E}.Release|Any CPU.Build.0 = Release|Any CPU
		{B3CBBF62-66F0-4F42-A120-41E574925463}.Debug|Any CPU.ActiveCfg = Debug|Any CPU
		{B3CBBF62-66F0-4F42-A120-41E574925463}.Debug|Any CPU.Build.0 = Debug|Any CPU
		{B3CBBF62-66F0-4F42-A120-41E574925463}.Release|Any CPU.ActiveCfg = Release|Any CPU
		{B3CBBF62-66F0-4F42-A120-41E574925463}.Release|Any CPU.Build.0 = Release|Any CPU
		{9CBD90DA-65E2-48C7-A6A0-D4931F77732D}.Debug|Any CPU.ActiveCfg = Debug|Any CPU
		{9CBD90DA-65E2-48C7-A6A0-D4931F77732D}.Debug|Any CPU.Build.0 = Debug|Any CPU
		{9CBD90DA-65E2-48C7-A6A0-D4931F77732D}.Release|Any CPU.ActiveCfg = Release|Any CPU
		{9CBD90DA-65E2-48C7-A6A0-D4931F77732D}.Release|Any CPU.Build.0 = Release|Any CPU
	EndGlobalSection
	GlobalSection(SolutionProperties) = preSolution
		HideSolutionNode = FALSE
	EndGlobalSection
	GlobalSection(ExtensibilityGlobals) = postSolution
		SolutionGuid = {899A61AD-6488-4BE4-8C8B-8D8FE7B6B482}
	EndGlobalSection
EndGlobal
