
Microsoft Visual Studio Solution File, Format Version 12.00
# Visual Studio Version 17
VisualStudioVersion = 17.1.32407.343
MinimumVisualStudioVersion = 10.0.40219.1
Project("{FAE04EC0-301F-11D3-BF4B-00C04F79EFBC}") = "Calc", "Calc\Calc.csproj", "{32C5B184-6D62-46B4-B5DB-67D1864ACE0E}"
EndProject
Global
	GlobalSection(SolutionConfigurationPlatforms) = preSolution
		Debug|Any CPU = Debug|Any CPU
		Release|Any CPU = Release|Any CPU
	EndGlobalSection
	GlobalSection(ProjectConfigurationPlatforms) = postSolution
		{32C5B184-6D62-46B4-B5DB-67D1864ACE0E}.Debug|Any CPU.ActiveCfg = Debug|Any CPU
		{32C5B184-6D62-46B4-B5DB-67D1864ACE0E}.Debug|Any CPU.Build.0 = Debug|Any CPU
		{32C5B184-6D62-46B4-B5DB-67D1864ACE0E}.Release|Any CPU.ActiveCfg = Release|Any CPU
		{32C5B184-6D62-46B4-B5DB-67D1864ACE0E}.Release|Any CPU.Build.0 = Release|Any CPU
	EndGlobalSection
	GlobalSection(SolutionProperties) = preSolution
		HideSolutionNode = FALSE
	EndGlobalSection
	GlobalSection(ExtensibilityGlobals) = postSolution
		SolutionGuid = {899A61AD-6488-4BE4-8C8B-8D8FE7B6B482}
	EndGlobalSection
EndGlobal
